
Microsoft Visual Studio Solution File, Format Version 12.00
# Visual Studio Version 17
VisualStudioVersion = 17.0.31903.59
MinimumVisualStudioVersion = 10.0.40219.1
Project("{9A19103F-16F7-4668-BE54-9A1E7A4F7556}") = "BookShop.MVC", "BookShop.MVC\BookShop.MVC.csproj", "{F3222183-7205-499E-B9B2-28EC296DCF3A}"
EndProject
Project("{9A19103F-16F7-4668-BE54-9A1E7A4F7556}") = "BookShop.Domain", "BookShop.Domain\BookShop.Domain.csproj", "{0F65E6DD-3E50-4DE6-931C-4724CC842E5E}"
EndProject
Project("{9A19103F-16F7-4668-BE54-9A1E7A4F7556}") = "BookShop.Application", "BookShop.Application\BookShop.Application.csproj", "{3A7798D1-50C1-4613-B09A-70A54DADBE0F}"
EndProject
Project("{9A19103F-16F7-4668-BE54-9A1E7A4F7556}") = "BookShop.Infrastructure", "BookShop.Infrastructure\BookShop.Infrastructure.csproj", "{975053F3-BD41-49C2-B589-AE200E37EC79}"
EndProject
Project("{2150E333-8FDC-42A3-9474-1A3956D46DE8}") = "Tests", "Tests", "{B2AAAAA8-192C-4BCC-97FE-BA2EFB768B95}"
EndProject
Project("{FAE04EC0-301F-11D3-BF4B-00C04F79EFBC}") = "BookShop.DomainTests", "BookShop.DomainTests\BookShop.DomainTests.csproj", "{64567323-0E2F-42D2-B502-E1BAC8DCAF8E}"
EndProject
Project("{FAE04EC0-301F-11D3-BF4B-00C04F79EFBC}") = "BookShop.ApplicationTests", "BookShop.ApplicationTests\BookShop.ApplicationTests.csproj", "{7750D6AC-7D06-4343-A988-5136B46EAB90}"
EndProject
Global
	GlobalSection(SolutionConfigurationPlatforms) = preSolution
		Debug|Any CPU = Debug|Any CPU
		Release|Any CPU = Release|Any CPU
	EndGlobalSection
	GlobalSection(ProjectConfigurationPlatforms) = postSolution
		{F3222183-7205-499E-B9B2-28EC296DCF3A}.Debug|Any CPU.ActiveCfg = Debug|Any CPU
		{F3222183-7205-499E-B9B2-28EC296DCF3A}.Debug|Any CPU.Build.0 = Debug|Any CPU
		{F3222183-7205-499E-B9B2-28EC296DCF3A}.Release|Any CPU.ActiveCfg = Release|Any CPU
		{F3222183-7205-499E-B9B2-28EC296DCF3A}.Release|Any CPU.Build.0 = Release|Any CPU
		{0F65E6DD-3E50-4DE6-931C-4724CC842E5E}.Debug|Any CPU.ActiveCfg = Debug|Any CPU
		{0F65E6DD-3E50-4DE6-931C-4724CC842E5E}.Debug|Any CPU.Build.0 = Debug|Any CPU
		{0F65E6DD-3E50-4DE6-931C-4724CC842E5E}.Release|Any CPU.ActiveCfg = Release|Any CPU
		{0F65E6DD-3E50-4DE6-931C-4724CC842E5E}.Release|Any CPU.Build.0 = Release|Any CPU
		{3A7798D1-50C1-4613-B09A-70A54DADBE0F}.Debug|Any CPU.ActiveCfg = Debug|Any CPU
		{3A7798D1-50C1-4613-B09A-70A54DADBE0F}.Debug|Any CPU.Build.0 = Debug|Any CPU
		{3A7798D1-50C1-4613-B09A-70A54DADBE0F}.Release|Any CPU.ActiveCfg = Release|Any CPU
		{3A7798D1-50C1-4613-B09A-70A54DADBE0F}.Release|Any CPU.Build.0 = Release|Any CPU
		{975053F3-BD41-49C2-B589-AE200E37EC79}.Debug|Any CPU.ActiveCfg = Debug|Any CPU
		{975053F3-BD41-49C2-B589-AE200E37EC79}.Debug|Any CPU.Build.0 = Debug|Any CPU
		{975053F3-BD41-49C2-B589-AE200E37EC79}.Release|Any CPU.ActiveCfg = Release|Any CPU
		{975053F3-BD41-49C2-B589-AE200E37EC79}.Release|Any CPU.Build.0 = Release|Any CPU
		{64567323-0E2F-42D2-B502-E1BAC8DCAF8E}.Debug|Any CPU.ActiveCfg = Debug|Any CPU
		{64567323-0E2F-42D2-B502-E1BAC8DCAF8E}.Debug|Any CPU.Build.0 = Debug|Any CPU
		{64567323-0E2F-42D2-B502-E1BAC8DCAF8E}.Release|Any CPU.ActiveCfg = Release|Any CPU
		{64567323-0E2F-42D2-B502-E1BAC8DCAF8E}.Release|Any CPU.Build.0 = Release|Any CPU
		{7750D6AC-7D06-4343-A988-5136B46EAB90}.Debug|Any CPU.ActiveCfg = Debug|Any CPU
		{7750D6AC-7D06-4343-A988-5136B46EAB90}.Debug|Any CPU.Build.0 = Debug|Any CPU
		{7750D6AC-7D06-4343-A988-5136B46EAB90}.Release|Any CPU.ActiveCfg = Release|Any CPU
		{7750D6AC-7D06-4343-A988-5136B46EAB90}.Release|Any CPU.Build.0 = Release|Any CPU
	EndGlobalSection
	GlobalSection(SolutionProperties) = preSolution
		HideSolutionNode = FALSE
	EndGlobalSection
	GlobalSection(NestedProjects) = preSolution
		{64567323-0E2F-42D2-B502-E1BAC8DCAF8E} = {B2AAAAA8-192C-4BCC-97FE-BA2EFB768B95}
		{7750D6AC-7D06-4343-A988-5136B46EAB90} = {B2AAAAA8-192C-4BCC-97FE-BA2EFB768B95}
	EndGlobalSection
	GlobalSection(ExtensibilityGlobals) = postSolution
		SolutionGuid = {D11A33D9-4CE7-4631-A0D8-77762CFF466F}
	EndGlobalSection
EndGlobal
